
Microsoft Visual Studio Solution File, Format Version 12.00
# Visual Studio Version 17
VisualStudioVersion = 17.10.35122.118
MinimumVisualStudioVersion = 10.0.40219.1
Project("{9A19103F-16F7-4668-BE54-9A1E7A4F7556}") = "Assignment8", "Assignment8.csproj", "{BFD90970-D638-4444-80F5-B9FF99A120A0}"
EndProject
Project("{FAE04EC0-301F-11D3-BF4B-00C04F79EFBC}") = "Assignment8Tester", "..\Assignment8Tester\Assignment8Tester.csproj", "{609AA4EA-27EF-42AD-A7FA-709A188C26E2}"
EndProject
Global
	GlobalSection(SolutionConfigurationPlatforms) = preSolution
		Debug|Any CPU = Debug|Any CPU
		Release|Any CPU = Release|Any CPU
	EndGlobalSection
	GlobalSection(ProjectConfigurationPlatforms) = postSolution
		{BFD90970-D638-4444-80F5-B9FF99A120A0}.Debug|Any CPU.ActiveCfg = Debug|Any CPU
		{BFD90970-D638-4444-80F5-B9FF99A120A0}.Debug|Any CPU.Build.0 = Debug|Any CPU
		{BFD90970-D638-4444-80F5-B9FF99A120A0}.Release|Any CPU.ActiveCfg = Release|Any CPU
		{BFD90970-D638-4444-80F5-B9FF99A120A0}.Release|Any CPU.Build.0 = Release|Any CPU
		{609AA4EA-27EF-42AD-A7FA-709A188C26E2}.Debug|Any CPU.ActiveCfg = Debug|Any CPU
		{609AA4EA-27EF-42AD-A7FA-709A188C26E2}.Debug|Any CPU.Build.0 = Debug|Any CPU
		{609AA4EA-27EF-42AD-A7FA-709A188C26E2}.Release|Any CPU.ActiveCfg = Release|Any CPU
		{609AA4EA-27EF-42AD-A7FA-709A188C26E2}.Release|Any CPU.Build.0 = Release|Any CPU
	EndGlobalSection
	GlobalSection(SolutionProperties) = preSolution
		HideSolutionNode = FALSE
	EndGlobalSection
	GlobalSection(ExtensibilityGlobals) = postSolution
		SolutionGuid = {79797D2F-915A-4A3A-90AA-B0C04CA699B1}
	EndGlobalSection
EndGlobal
